
Microsoft Visual Studio Solution File, Format Version 12.00
# Visual Studio Version 16
VisualStudioVersion = 16.0.30114.105
MinimumVisualStudioVersion = 10.0.40219.1
Project("{FAE04EC0-301F-11D3-BF4B-00C04F79EFBC}") = "Market", "Market\Market.csproj", "{5E4B72C8-3E01-400B-BC51-7A9EC83BD274}"
EndProject
Global
	GlobalSection(SolutionConfigurationPlatforms) = preSolution
		Debug|Any CPU = Debug|Any CPU
		Release|Any CPU = Release|Any CPU
	EndGlobalSection
	GlobalSection(ProjectConfigurationPlatforms) = postSolution
		{5E4B72C8-3E01-400B-BC51-7A9EC83BD274}.Debug|Any CPU.ActiveCfg = Debug|Any CPU
		{5E4B72C8-3E01-400B-BC51-7A9EC83BD274}.Debug|Any CPU.Build.0 = Debug|Any CPU
		{5E4B72C8-3E01-400B-BC51-7A9EC83BD274}.Release|Any CPU.ActiveCfg = Release|Any CPU
		{5E4B72C8-3E01-400B-BC51-7A9EC83BD274}.Release|Any CPU.Build.0 = Release|Any CPU
	EndGlobalSection
	GlobalSection(SolutionProperties) = preSolution
		HideSolutionNode = FALSE
	EndGlobalSection
	GlobalSection(ExtensibilityGlobals) = postSolution
		SolutionGuid = {7EBDF5FC-5D0B-4F3D-A6A3-0BAAFC8BEC7A}
	EndGlobalSection
EndGlobal
